
Microsoft Visual Studio Solution File, Format Version 12.00
# Visual Studio Version 17
VisualStudioVersion = 17.5.002.0
MinimumVisualStudioVersion = 10.0.40219.1
Project("{9A19103F-16F7-4668-BE54-9A1E7A4F7556}") = "task 1", "task 1\task 1.csproj", "{92655819-9FF9-4F7E-A65E-3F93697D1139}"
EndProject
Project("{9A19103F-16F7-4668-BE54-9A1E7A4F7556}") = "task 2", "task 2\task 2.csproj", "{53EA89EC-0AEF-4F49-AEF7-3F06B7BB424F}"
EndProject
Project("{9A19103F-16F7-4668-BE54-9A1E7A4F7556}") = "task 3", "task 3\task 3.csproj", "{ADF6669C-5125-4DB4-AAC2-806B1AAE8A91}"
EndProject
Global
	GlobalSection(SolutionConfigurationPlatforms) = preSolution
		Debug|Any CPU = Debug|Any CPU
		Release|Any CPU = Release|Any CPU
	EndGlobalSection
	GlobalSection(ProjectConfigurationPlatforms) = postSolution
		{92655819-9FF9-4F7E-A65E-3F93697D1139}.Debug|Any CPU.ActiveCfg = Debug|Any CPU
		{92655819-9FF9-4F7E-A65E-3F93697D1139}.Debug|Any CPU.Build.0 = Debug|Any CPU
		{92655819-9FF9-4F7E-A65E-3F93697D1139}.Release|Any CPU.ActiveCfg = Release|Any CPU
		{92655819-9FF9-4F7E-A65E-3F93697D1139}.Release|Any CPU.Build.0 = Release|Any CPU
		{53EA89EC-0AEF-4F49-AEF7-3F06B7BB424F}.Debug|Any CPU.ActiveCfg = Debug|Any CPU
		{53EA89EC-0AEF-4F49-AEF7-3F06B7BB424F}.Debug|Any CPU.Build.0 = Debug|Any CPU
		{53EA89EC-0AEF-4F49-AEF7-3F06B7BB424F}.Release|Any CPU.ActiveCfg = Release|Any CPU
		{53EA89EC-0AEF-4F49-AEF7-3F06B7BB424F}.Release|Any CPU.Build.0 = Release|Any CPU
		{ADF6669C-5125-4DB4-AAC2-806B1AAE8A91}.Debug|Any CPU.ActiveCfg = Debug|Any CPU
		{ADF6669C-5125-4DB4-AAC2-806B1AAE8A91}.Debug|Any CPU.Build.0 = Debug|Any CPU
		{ADF6669C-5125-4DB4-AAC2-806B1AAE8A91}.Release|Any CPU.ActiveCfg = Release|Any CPU
		{ADF6669C-5125-4DB4-AAC2-806B1AAE8A91}.Release|Any CPU.Build.0 = Release|Any CPU
	EndGlobalSection
	GlobalSection(SolutionProperties) = preSolution
		HideSolutionNode = FALSE
	EndGlobalSection
	GlobalSection(ExtensibilityGlobals) = postSolution
		SolutionGuid = {C1B7A999-34F0-48AE-924B-12B6A51B5B56}
	EndGlobalSection
EndGlobal
